<?xml version="1.0" encoding="utf-8"?>
<Project ToolsVersion="4.0" xmlns="http://schemas.microsoft.com/developer/msbuild/2003">
  <ItemGroup>
    <Text Include="readme.txt" />
  </ItemGroup>
  <ItemGroup>
    <Filter Include="include">
      <UniqueIdentifier>{9d024ed3-100c-4fa4-bab0-49f0f546379d}</UniqueIdentifier>
    </Filter>
    <Filter Include="src">
      <UniqueIdentifier>{3c47486e-83a8-4928-9cf3-57bd107de628}</UniqueIdentifier>
    </Filter>
  </ItemGroup>
  <ItemGroup>
    <ClInclude Include="flashprog.h">
      <Filter>include</Filter>
    </ClInclude>
    <ClInclude Include="lpc43xx_rgu.h">
      <Filter>include</Filter>
    </ClInclude>
  </ItemGroup>
  <ItemGroup>
    <None Include="startup_LPC43xx_m4.s">
      <Filter>src</Filter>
    </None>
  </ItemGroup>
  <ItemGroup>
    <ClCompile Include="lpc43xx_rgu.c">
      <Filter>src</Filter>
    </ClCompile>
    <ClCompile Include="flashprog.cpp">
      <Filter>src</Filter>
    </ClCompile>
    <ClCompile Include="main.cpp">
      <Filter>src</Filter>
    </ClCompile>
  </ItemGroup>
</Project>