<?xml version="1.0" encoding="utf-8"?>
<Project ToolsVersion="4.0" xmlns="http://schemas.microsoft.com/developer/msbuild/2003">
  <ItemGroup>
    <Filter Include="include">
      <UniqueIdentifier>{8dbedb91-2d56-4b92-87de-27cff3896ed7}</UniqueIdentifier>
    </Filter>
    <Filter Include="src">
      <UniqueIdentifier>{53ee812c-cec7-4cca-8da3-7f9e8cda1727}</UniqueIdentifier>
    </Filter>
  </ItemGroup>
  <ItemGroup>
    <ClInclude Include="analogdig.h">
      <Filter>include</Filter>
    </ClInclude>
    <ClInclude Include="camera.h">
      <Filter>include</Filter>
    </ClInclude>
    <ClInclude Include="cameravals.h">
      <Filter>include</Filter>
    </ClInclude>
    <ClInclude Include="chirp.h">
      <Filter>include</Filter>
    </ClInclude>
    <ClInclude Include="chirpm0.h">
      <Filter>include</Filter>
    </ClInclude>
    <ClInclude Include="chirpusb.h">
      <Filter>include</Filter>
    </ClInclude>
    <ClInclude Include="core_cm0.h">
      <Filter>include</Filter>
    </ClInclude>
    <ClInclude Include="core_cm4.h">
      <Filter>include</Filter>
    </ClInclude>
    <ClInclude Include="core_cmFunc.h">
      <Filter>include</Filter>
    </ClInclude>
    <ClInclude Include="core_cmInstr.h">
      <Filter>include</Filter>
    </ClInclude>
    <ClInclude Include="cycletimer.h">
      <Filter>include</Filter>
    </ClInclude>
    <ClInclude Include="debug.h">
      <Filter>include</Filter>
    </ClInclude>
    <ClInclude Include="debug_frmwrk.h">
      <Filter>include</Filter>
    </ClInclude>
    <ClInclude Include="exec_m0.h">
      <Filter>include</Filter>
    </ClInclude>
    <ClInclude Include="flash.h">
      <Filter>include</Filter>
    </ClInclude>
    <ClInclude Include="frame_m0.h">
      <Filter>include</Filter>
    </ClInclude>
    <ClInclude Include="i2c.h">
      <Filter>include</Filter>
    </ClInclude>
    <ClInclude Include="ipc_mbx.h">
      <Filter>include</Filter>
    </ClInclude>
    <ClInclude Include="iserial.h">
      <Filter>include</Filter>
    </ClInclude>
    <ClInclude Include="led.h">
      <Filter>include</Filter>
    </ClInclude>
    <ClInclude Include="lpc_types.h">
      <Filter>include</Filter>
    </ClInclude>
    <ClInclude Include="LPC43xx.h">
      <Filter>include</Filter>
    </ClInclude>
    <ClInclude Include="lpc43xx_adc.h">
      <Filter>include</Filter>
    </ClInclude>
    <ClInclude Include="lpc43xx_cgu.h">
      <Filter>include</Filter>
    </ClInclude>
    <ClInclude Include="lpc43xx_i2c.h">
      <Filter>include</Filter>
    </ClInclude>
    <ClInclude Include="lpc43xx_libcfg_default.h">
      <Filter>include</Filter>
    </ClInclude>
    <ClInclude Include="lpc43xx_scu.h">
      <Filter>include</Filter>
    </ClInclude>
    <ClInclude Include="lpc43xx_ssp.h">
      <Filter>include</Filter>
    </ClInclude>
    <ClInclude Include="lpc43xx_uart.h">
      <Filter>include</Filter>
    </ClInclude>
    <ClInclude Include="master_ipc_msg.h">
      <Filter>include</Filter>
    </ClInclude>
    <ClInclude Include="master_mbx_callbacks.h">
      <Filter>include</Filter>
    </ClInclude>
    <ClInclude Include="misc.h">
      <Filter>include</Filter>
    </ClInclude>
    <ClInclude Include="param.h">
      <Filter>include</Filter>
    </ClInclude>
    <ClInclude Include="pixy_init.h">
      <Filter>include</Filter>
    </ClInclude>
    <ClInclude Include="pixyvals.h">
      <Filter>include</Filter>
    </ClInclude>
    <ClInclude Include="platform_config.h">
      <Filter>include</Filter>
    </ClInclude>
    <ClInclude Include="power.h">
      <Filter>include</Filter>
    </ClInclude>
    <ClInclude Include="rcservo.h">
      <Filter>include</Filter>
    </ClInclude>
    <ClInclude Include="rls_m0.h">
      <Filter>include</Filter>
    </ClInclude>
    <ClInclude Include="sccb.h">
      <Filter>include</Filter>
    </ClInclude>
    <ClInclude Include="serial.h">
      <Filter>include</Filter>
    </ClInclude>
    <ClInclude Include="slave_ipc_msg.h">
      <Filter>include</Filter>
    </ClInclude>
    <ClInclude Include="slave_mbx_callbacks.h">
      <Filter>include</Filter>
    </ClInclude>
    <ClInclude Include="smlink.h">
      <Filter>include</Filter>
    </ClInclude>
    <ClInclude Include="smlink.hpp">
      <Filter>include</Filter>
    </ClInclude>
    <ClInclude Include="spi.h">
      <Filter>include</Filter>
    </ClInclude>
    <ClInclude Include="spifi_rom_api.h">
      <Filter>include</Filter>
    </ClInclude>
    <ClInclude Include="system_LPC43xx.h">
      <Filter>include</Filter>
    </ClInclude>
    <ClInclude Include="uart.h">
      <Filter>include</Filter>
    </ClInclude>
    <ClInclude Include="usb.h">
      <Filter>include</Filter>
    </ClInclude>
    <ClInclude Include="usbcfg.h">
      <Filter>include</Filter>
    </ClInclude>
    <ClInclude Include="usbcore.h">
      <Filter>include</Filter>
    </ClInclude>
    <ClInclude Include="usbdesc.h">
      <Filter>include</Filter>
    </ClInclude>
    <ClInclude Include="usbhw.h">
      <Filter>include</Filter>
    </ClInclude>
    <ClInclude Include="usblink.h">
      <Filter>include</Filter>
    </ClInclude>
    <ClInclude Include="usbuser.h">
      <Filter>include</Filter>
    </ClInclude>
  </ItemGroup>
  <ItemGroup>
    <ClCompile Include="chirp.c">
      <Filter>src</Filter>
    </ClCompile>
    <ClCompile Include="debug.c">
      <Filter>src</Filter>
    </ClCompile>
    <ClCompile Include="debug_frmwrk.c">
      <Filter>src</Filter>
    </ClCompile>
    <ClCompile Include="exec_m0.c">
      <Filter>src</Filter>
    </ClCompile>
    <ClCompile Include="fpu_init.c">
      <Filter>src</Filter>
    </ClCompile>
    <ClCompile Include="frame_m0.c">
      <Filter>src</Filter>
    </ClCompile>
    <ClCompile Include="ipc_mbx.c">
      <Filter>src</Filter>
    </ClCompile>
    <ClCompile Include="lpc43xx_adc.c">
      <Filter>src</Filter>
    </ClCompile>
    <ClCompile Include="lpc43xx_cgu.c">
      <Filter>src</Filter>
    </ClCompile>
    <ClCompile Include="lpc43xx_i2c.c">
      <Filter>src</Filter>
    </ClCompile>
    <ClCompile Include="lpc43xx_scu.c">
      <Filter>src</Filter>
    </ClCompile>
    <ClCompile Include="lpc43xx_ssp.c">
      <Filter>src</Filter>
    </ClCompile>
    <ClCompile Include="lpc43xx_uart.c">
      <Filter>src</Filter>
    </ClCompile>
    <ClCompile Include="platform_config.c">
      <Filter>src</Filter>
    </ClCompile>
    <ClCompile Include="qqueue.c">
      <Filter>src</Filter>
    </ClCompile>
    <ClCompile Include="rls_m0.c">
      <Filter>src</Filter>
    </ClCompile>
    <ClCompile Include="smlink.c">
      <Filter>src</Filter>
    </ClCompile>
    <ClCompile Include="system_LPC43xx.c">
      <Filter>src</Filter>
    </ClCompile>
    <ClCompile Include="usbcore.c">
      <Filter>src</Filter>
    </ClCompile>
    <ClCompile Include="usbdesc.c">
      <Filter>src</Filter>
    </ClCompile>
    <ClCompile Include="usbhw.c">
      <Filter>src</Filter>
    </ClCompile>
    <ClCompile Include="usbuser.c">
      <Filter>src</Filter>
    </ClCompile>
    <ClCompile Include="analogdig.cpp">
      <Filter>src</Filter>
    </ClCompile>
    <ClCompile Include="camera.cpp">
      <Filter>src</Filter>
    </ClCompile>
    <ClCompile Include="chirpm0.cpp">
      <Filter>src</Filter>
    </ClCompile>
    <ClCompile Include="chirpusb.cpp">
      <Filter>src</Filter>
    </ClCompile>
    <ClCompile Include="flash.cpp">
      <Filter>src</Filter>
    </ClCompile>
    <ClCompile Include="i2c.cpp">
      <Filter>src</Filter>
    </ClCompile>
    <ClCompile Include="led.cpp">
      <Filter>src</Filter>
    </ClCompile>
    <ClCompile Include="misc.cpp">
      <Filter>src</Filter>
    </ClCompile>
    <ClCompile Include="param.cpp">
      <Filter>src</Filter>
    </ClCompile>
    <ClCompile Include="pixy_init.cpp">
      <Filter>src</Filter>
    </ClCompile>
    <ClCompile Include="power.cpp">
      <Filter>src</Filter>
    </ClCompile>
    <ClCompile Include="rcservo.cpp">
      <Filter>src</Filter>
    </ClCompile>
    <ClCompile Include="sccb.cpp">
      <Filter>src</Filter>
    </ClCompile>
    <ClCompile Include="serial.cpp">
      <Filter>src</Filter>
    </ClCompile>
    <ClCompile Include="smlink.cpp">
      <Filter>src</Filter>
    </ClCompile>
    <ClCompile Include="spi.cpp">
      <Filter>src</Filter>
    </ClCompile>
    <ClCompile Include="uart.cpp">
      <Filter>src</Filter>
    </ClCompile>
    <ClCompile Include="usblink.cpp">
      <Filter>src</Filter>
    </ClCompile>
  </ItemGroup>
</Project>